<?xml version="1.0" encoding="utf-8"?>
<Project ToolsVersion="4.0" xmlns="http://schemas.microsoft.com/developer/msbuild/2003">
  <ItemGroup>
    <Filter Include="Archivos de origen">
      <UniqueIdentifier>{4FC737F1-C7A5-4376-A066-2A32D752A2FF}</UniqueIdentifier>
      <Extensions>cpp;c;cc;cxx;c++;cppm;ixx;def;odl;idl;hpj;bat;asm;asmx</Extensions>
    </Filter>
    <Filter Include="Archivos de encabezado">
      <UniqueIdentifier>{93995380-89BD-4b04-88EB-625FBE52EBFB}</UniqueIdentifier>
      <Extensions>h;hh;hpp;hxx;h++;hm;inl;inc;ipp;xsd</Extensions>
    </Filter>
    <Filter Include="Archivos de recursos">
      <UniqueIdentifier>{67DA6AB6-F800-4c08-8B7A-83BB121AAD01}</UniqueIdentifier>
      <Extensions>rc;ico;cur;bmp;dlg;rc2;rct;bin;rgs;gif;jpg;jpeg;jpe;resx;tiff;tif;png;wav;mfcribbon-ms</Extensions>
    </Filter>
    <Filter Include="Archivos de origen\shaders">
      <UniqueIdentifier>{0df99825-d40b-43a2-952b-aa9508f6eb90}</UniqueIdentifier>
    </Filter>
    <Filter Include="Archivos de origen\textures">
      <UniqueIdentifier>{ff7e3935-fdbd-4f78-ab88-04ae7e231d97}</UniqueIdentifier>
    </Filter>
    <Filter Include="Archivos de origen\model">
      <UniqueIdentifier>{15185cd1-09db-4104-9d1a-9d6b6e279757}</UniqueIdentifier>
    </Filter>
    <Filter Include="Archivos de origen\model\xenomorph">
      <UniqueIdentifier>{0772609d-dbb6-4b86-9d02-9b7244f56b41}</UniqueIdentifier>
    </Filter>
    <Filter Include="Archivos de origen\model\xeno_raven">
      <UniqueIdentifier>{45db89c8-287c-46f0-939c-6b4327f11dae}</UniqueIdentifier>
    </Filter>
    <Filter Include="Archivos de origen\model\alien_egg">
      <UniqueIdentifier>{af4132e2-8674-46c2-891b-00855c69722a}</UniqueIdentifier>
    </Filter>
  </ItemGroup>
  <ItemGroup>
    <ClCompile Include="Proyectopruebatexture.cpp">
      <Filter>Archivos de origen</Filter>
    </ClCompile>
    <ClCompile Include="..\OpenGL_Stuff\Library\glad.c">
      <Filter>Archivos de origen</Filter>
    </ClCompile>
  </ItemGroup>
  <ItemGroup>
    <None Include="shaders\B2T3.fs">
      <Filter>Archivos de origen\shaders</Filter>
    </None>
    <None Include="shaders\B2T3.vs">
      <Filter>Archivos de origen\shaders</Filter>
    </None>
    <None Include="shaders\light_cube.vs">
      <Filter>Archivos de origen\shaders</Filter>
    </None>
    <None Include="shaders\light_cube.fs">
      <Filter>Archivos de origen\shaders</Filter>
    </None>
    <None Include="shaders\model_loading.vs">
      <Filter>Archivos de origen\shaders</Filter>
    </None>
    <None Include="shaders\model_loading.fs">
      <Filter>Archivos de origen\shaders</Filter>
    </None>
    <None Include="model\xenomorph\xenomorph.bin">
      <Filter>Archivos de origen\model\xenomorph</Filter>
    </None>
    <None Include="model\xenomorph\xenomorph.gltf">
      <Filter>Archivos de origen\model\xenomorph</Filter>
    </None>
    <None Include="shaders\screen.fs">
      <Filter>Archivos de origen\shaders</Filter>
    </None>
    <None Include="shaders\screen.vs">
      <Filter>Archivos de origen\shaders</Filter>
    </None>
    <None Include="shaders\minimap.fs">
      <Filter>Archivos de origen\shaders</Filter>
    </None>
    <None Include="shaders\minimap.vs">
      <Filter>Archivos de origen\shaders</Filter>
    </None>
    <None Include="model\xeno_raven\xeno_raven.bin">
      <Filter>Archivos de origen\model\xeno_raven</Filter>
    </None>
    <None Include="model\xeno_raven\xeno_raven.gltf">
      <Filter>Archivos de origen\model\xeno_raven</Filter>
    </None>
    <None Include="model\alien_egg\alien_egg.bin">
      <Filter>Archivos de origen\model\alien_egg</Filter>
    </None>
    <None Include="model\alien_egg\alien_egg.gltf">
      <Filter>Archivos de origen\model\alien_egg</Filter>
    </None>
  </ItemGroup>
  <ItemGroup>
    <Image Include="textures\Finalpa1.png">
      <Filter>Archivos de origen\textures</Filter>
    </Image>
    <Image Include="textures\Finalpa2.png">
      <Filter>Archivos de origen\textures</Filter>
    </Image>
    <Image Include="textures\gradas1.png">
      <Filter>Archivos de origen\textures</Filter>
    </Image>
    <Image Include="textures\gradas2.png">
      <Filter>Archivos de origen\textures</Filter>
    </Image>
    <Image Include="textures\Pared1.png">
      <Filter>Archivos de origen\textures</Filter>
    </Image>
    <Image Include="textures\Pared2.png">
      <Filter>Archivos de origen\textures</Filter>
    </Image>
    <Image Include="textures\Pared3.png">
      <Filter>Archivos de origen\textures</Filter>
    </Image>
    <Image Include="textures\Pared4.png">
      <Filter>Archivos de origen\textures</Filter>
    </Image>
    <Image Include="textures\PAREDPASILLO3.png">
      <Filter>Archivos de origen\textures</Filter>
    </Image>
    <Image Include="textures\PAREDPASILLO4.png">
      <Filter>Archivos de origen\textures</Filter>
    </Image>
    <Image Include="textures\PAREDPASILLO5.png">
      <Filter>Archivos de origen\textures</Filter>
    </Image>
    <Image Include="textures\pruebapared.png">
      <Filter>Archivos de origen\textures</Filter>
    </Image>
    <Image Include="textures\TextruaP1.png">
      <Filter>Archivos de origen\textures</Filter>
    </Image>
    <Image Include="textures\TextruaP2.png">
      <Filter>Archivos de origen\textures</Filter>
    </Image>
    <Image Include="model\xenomorph\MI_K33Arms007_baseColor.png">
      <Filter>Archivos de origen\model\xenomorph</Filter>
    </Image>
    <Image Include="model\xenomorph\MI_K33Arms007_normal.jpeg">
      <Filter>Archivos de origen\model\xenomorph</Filter>
    </Image>
    <Image Include="model\xenomorph\MI_K33Arms007_normal.jpg">
      <Filter>Archivos de origen\model\xenomorph</Filter>
    </Image>
    <Image Include="model\xenomorph\MI_K33Body007_baseColor.png">
      <Filter>Archivos de origen\model\xenomorph</Filter>
    </Image>
    <Image Include="model\xenomorph\MI_K33Body007_normal.jpeg">
      <Filter>Archivos de origen\model\xenomorph</Filter>
    </Image>
    <Image Include="model\xenomorph\MI_K33Body007_normal.jpg">
      <Filter>Archivos de origen\model\xenomorph</Filter>
    </Image>
    <Image Include="model\xenomorph\MI_K33Head01_baseColor.png">
      <Filter>Archivos de origen\model\xenomorph</Filter>
    </Image>
    <Image Include="model\xenomorph\MI_K33Head01_normal.jpeg">
      <Filter>Archivos de origen\model\xenomorph</Filter>
    </Image>
    <Image Include="model\xenomorph\MI_K33Head01_normal.jpg">
      <Filter>Archivos de origen\model\xenomorph</Filter>
    </Image>
    <Image Include="model\xenomorph\MI_K33Head007_baseColor.png">
      <Filter>Archivos de origen\model\xenomorph</Filter>
    </Image>
    <Image Include="model\xenomorph\MI_K33Head007_normal.jpeg">
      <Filter>Archivos de origen\model\xenomorph</Filter>
    </Image>
    <Image Include="model\xenomorph\MI_K33Head007_normal.jpg">
      <Filter>Archivos de origen\model\xenomorph</Filter>
    </Image>
    <Image Include="model\xenomorph\MI_K33Legs007_baseColor.png">
      <Filter>Archivos de origen\model\xenomorph</Filter>
    </Image>
    <Image Include="model\xenomorph\MI_K33Legs007_normal.jpeg">
      <Filter>Archivos de origen\model\xenomorph</Filter>
    </Image>
    <Image Include="model\xenomorph\MI_K33Legs007_normal.jpg">
      <Filter>Archivos de origen\model\xenomorph</Filter>
    </Image>
    <Image Include="model\xenomorph\MI_K33Tail007_baseColor.png">
      <Filter>Archivos de origen\model\xenomorph</Filter>
    </Image>
    <Image Include="model\xenomorph\MI_K33Tail007_normal.jpeg">
      <Filter>Archivos de origen\model\xenomorph</Filter>
    </Image>
    <Image Include="model\xenomorph\MI_K33Tail007_normal.jpg">
      <Filter>Archivos de origen\model\xenomorph</Filter>
    </Image>
    <Image Include="textures\Finalpainsano1.png">
      <Filter>Archivos de recursos</Filter>
    </Image>
    <Image Include="textures\Finalpainsano2.png">
      <Filter>Archivos de recursos</Filter>
    </Image>
    <Image Include="textures\Francisbot.png">
      <Filter>Archivos de recursos</Filter>
    </Image>
    <Image Include="textures\gameover.png">
      <Filter>Archivos de recursos</Filter>
    </Image>
    <Image Include="textures\gradas3.png">
      <Filter>Archivos de recursos</Filter>
    </Image>
    <Image Include="textures\Harrybot.png">
      <Filter>Archivos de recursos</Filter>
    </Image>
    <Image Include="textures\pasillo1.png">
      <Filter>Archivos de recursos</Filter>
    </Image>
    <Image Include="textures\pasillo2.png">
      <Filter>Archivos de recursos</Filter>
    </Image>
    <Image Include="textures\pasillo3.png">
      <Filter>Archivos de recursos</Filter>
    </Image>
    <Image Include="textures\pasillo4.png">
      <Filter>Archivos de recursos</Filter>
    </Image>
    <Image Include="textures\pasillo5.png">
      <Filter>Archivos de recursos</Filter>
    </Image>
    <Image Include="textures\pasillo6.png">
      <Filter>Archivos de recursos</Filter>
    </Image>
    <Image Include="textures\polipa.png">
      <Filter>Archivos de recursos</Filter>
    </Image>
    <Image Include="textures\polipa2.png">
      <Filter>Archivos de recursos</Filter>
    </Image>
    <Image Include="textures\polipa3.png">
      <Filter>Archivos de recursos</Filter>
    </Image>
    <Image Include="textures\polipa4.png">
      <Filter>Archivos de recursos</Filter>
    </Image>
    <Image Include="textures\polipa5.png">
      <Filter>Archivos de recursos</Filter>
    </Image>
    <Image Include="textures\polipa6.png">
      <Filter>Archivos de recursos</Filter>
    </Image>
    <Image Include="textures\portada.png">
      <Filter>Archivos de recursos</Filter>
    </Image>
    <Image Include="textures\Techotex.png">
      <Filter>Archivos de recursos</Filter>
    </Image>
    <Image Include="textures\Tinibot.png">
      <Filter>Archivos de recursos</Filter>
    </Image>
    <Image Include="textures\win.png">
      <Filter>Archivos de recursos</Filter>
    </Image>
    <Image Include="model\xeno_raven\07_-_Default_baseColor.png">
      <Filter>Archivos de origen\model\xeno_raven</Filter>
    </Image>
    <Image Include="model\xeno_raven\07_-_Default_metallicRoughness.png">
      <Filter>Archivos de origen\model\xeno_raven</Filter>
    </Image>
    <Image Include="model\xeno_raven\07_-_Default_normal.png">
      <Filter>Archivos de origen\model\xeno_raven</Filter>
    </Image>
    <Image Include="model\xeno_raven\default_baseColor.png">
      <Filter>Archivos de origen\model\xeno_raven</Filter>
    </Image>
    <Image Include="model\xeno_raven\default_metallicRoughness.png">
      <Filter>Archivos de origen\model\xeno_raven</Filter>
    </Image>
    <Image Include="model\xeno_raven\default_normal.png">
      <Filter>Archivos de origen\model\xeno_raven</Filter>
    </Image>
    <Image Include="model\alien_egg\Material_normal.png">
      <Filter>Archivos de origen\model\alien_egg</Filter>
    </Image>
    <Image Include="model\alien_egg\Material_baseColor.png">
      <Filter>Archivos de origen\model\alien_egg</Filter>
    </Image>
    <Image Include="model\alien_egg\Material_metallicRoughness.png">
      <Filter>Archivos de origen\model\alien_egg</Filter>
    </Image>
  </ItemGroup>
  <ItemGroup>
    <Text Include="textures\notas.txt.txt">
      <Filter>Archivos de origen\textures</Filter>
    </Text>
    <Text Include="maze.txt">
      <Filter>Archivos de origen</Filter>
    </Text>
  </ItemGroup>
</Project>