<?xml version="1.0" encoding="utf-8"?>
<Project ToolsVersion="4.0" xmlns="http://schemas.microsoft.com/developer/msbuild/2003">
  <ItemGroup>
    <Filter Include="Archivos de origen">
      <UniqueIdentifier>{4FC737F1-C7A5-4376-A066-2A32D752A2FF}</UniqueIdentifier>
      <Extensions>cpp;c;cc;cxx;c++;cppm;ixx;def;odl;idl;hpj;bat;asm;asmx</Extensions>
    </Filter>
    <Filter Include="Archivos de encabezado">
      <UniqueIdentifier>{93995380-89BD-4b04-88EB-625FBE52EBFB}</UniqueIdentifier>
      <Extensions>h;hh;hpp;hxx;h++;hm;inl;inc;ipp;xsd</Extensions>
    </Filter>
    <Filter Include="Archivos de recursos">
      <UniqueIdentifier>{67DA6AB6-F800-4c08-8B7A-83BB121AAD01}</UniqueIdentifier>
      <Extensions>rc;ico;cur;bmp;dlg;rc2;rct;bin;rgs;gif;jpg;jpeg;jpe;resx;tiff;tif;png;wav;mfcribbon-ms</Extensions>
    </Filter>
    <Filter Include="Archivos de origen\shaders">
      <UniqueIdentifier>{0df99825-d40b-43a2-952b-aa9508f6eb90}</UniqueIdentifier>
    </Filter>
    <Filter Include="Archivos de origen\textures">
      <UniqueIdentifier>{ff7e3935-fdbd-4f78-ab88-04ae7e231d97}</UniqueIdentifier>
    </Filter>
    <Filter Include="Archivos de origen\model">
      <UniqueIdentifier>{15185cd1-09db-4104-9d1a-9d6b6e279757}</UniqueIdentifier>
    </Filter>
    <Filter Include="Archivos de origen\model\xenomorph">
      <UniqueIdentifier>{0772609d-dbb6-4b86-9d02-9b7244f56b41}</UniqueIdentifier>
    </Filter>
  </ItemGroup>
  <ItemGroup>
    <ClCompile Include="D:\glad\src\glad.c">
      <Filter>Archivos de origen</Filter>
    </ClCompile>
    <ClCompile Include="Proyectopruebatexture.cpp">
      <Filter>Archivos de origen</Filter>
    </ClCompile>
  </ItemGroup>
  <ItemGroup>
    <None Include="shaders\B2T3.fs">
      <Filter>Archivos de origen\shaders</Filter>
    </None>
    <None Include="shaders\B2T3.vs">
      <Filter>Archivos de origen\shaders</Filter>
    </None>
    <None Include="shaders\light_cube.vs">
      <Filter>Archivos de origen\shaders</Filter>
    </None>
    <None Include="shaders\light_cube.fs">
      <Filter>Archivos de origen\shaders</Filter>
    </None>
    <None Include="shaders\model_loading.vs">
      <Filter>Archivos de origen\shaders</Filter>
    </None>
    <None Include="shaders\model_loading.fs">
      <Filter>Archivos de origen\shaders</Filter>
    </None>
    <None Include="model\xenomorph\xenomorph.bin">
      <Filter>Archivos de origen\model\xenomorph</Filter>
    </None>
    <None Include="model\xenomorph\xenomorph.gltf">
      <Filter>Archivos de origen\model\xenomorph</Filter>
    </None>
  </ItemGroup>
  <ItemGroup>
    <Image Include="textures\Finalpa1.png">
      <Filter>Archivos de origen\textures</Filter>
    </Image>
    <Image Include="textures\Finalpa2.png">
      <Filter>Archivos de origen\textures</Filter>
    </Image>
    <Image Include="textures\gradas1.png">
      <Filter>Archivos de origen\textures</Filter>
    </Image>
    <Image Include="textures\gradas2.png">
      <Filter>Archivos de origen\textures</Filter>
    </Image>
    <Image Include="textures\Pared1.png">
      <Filter>Archivos de origen\textures</Filter>
    </Image>
    <Image Include="textures\Pared2.png">
      <Filter>Archivos de origen\textures</Filter>
    </Image>
    <Image Include="textures\Pared3.png">
      <Filter>Archivos de origen\textures</Filter>
    </Image>
    <Image Include="textures\Pared4.png">
      <Filter>Archivos de origen\textures</Filter>
    </Image>
    <Image Include="textures\PAREDPASILLO3.png">
      <Filter>Archivos de origen\textures</Filter>
    </Image>
    <Image Include="textures\PAREDPASILLO4.png">
      <Filter>Archivos de origen\textures</Filter>
    </Image>
    <Image Include="textures\PAREDPASILLO5.png">
      <Filter>Archivos de origen\textures</Filter>
    </Image>
    <Image Include="textures\pruebapared.png">
      <Filter>Archivos de origen\textures</Filter>
    </Image>
    <Image Include="textures\TextruaP1.png">
      <Filter>Archivos de origen\textures</Filter>
    </Image>
    <Image Include="textures\TextruaP2.png">
      <Filter>Archivos de origen\textures</Filter>
    </Image>
    <Image Include="model\xenomorph\MI_K33Arms007_baseColor.png">
      <Filter>Archivos de origen\model\xenomorph</Filter>
    </Image>
    <Image Include="model\xenomorph\MI_K33Arms007_normal.jpeg">
      <Filter>Archivos de origen\model\xenomorph</Filter>
    </Image>
    <Image Include="model\xenomorph\MI_K33Arms007_normal.jpg">
      <Filter>Archivos de origen\model\xenomorph</Filter>
    </Image>
    <Image Include="model\xenomorph\MI_K33Body007_baseColor.png">
      <Filter>Archivos de origen\model\xenomorph</Filter>
    </Image>
    <Image Include="model\xenomorph\MI_K33Body007_normal.jpeg">
      <Filter>Archivos de origen\model\xenomorph</Filter>
    </Image>
    <Image Include="model\xenomorph\MI_K33Body007_normal.jpg">
      <Filter>Archivos de origen\model\xenomorph</Filter>
    </Image>
    <Image Include="model\xenomorph\MI_K33Head01_baseColor.png">
      <Filter>Archivos de origen\model\xenomorph</Filter>
    </Image>
    <Image Include="model\xenomorph\MI_K33Head01_normal.jpeg">
      <Filter>Archivos de origen\model\xenomorph</Filter>
    </Image>
    <Image Include="model\xenomorph\MI_K33Head01_normal.jpg">
      <Filter>Archivos de origen\model\xenomorph</Filter>
    </Image>
    <Image Include="model\xenomorph\MI_K33Head007_baseColor.png">
      <Filter>Archivos de origen\model\xenomorph</Filter>
    </Image>
    <Image Include="model\xenomorph\MI_K33Head007_normal.jpeg">
      <Filter>Archivos de origen\model\xenomorph</Filter>
    </Image>
    <Image Include="model\xenomorph\MI_K33Head007_normal.jpg">
      <Filter>Archivos de origen\model\xenomorph</Filter>
    </Image>
    <Image Include="model\xenomorph\MI_K33Legs007_baseColor.png">
      <Filter>Archivos de origen\model\xenomorph</Filter>
    </Image>
    <Image Include="model\xenomorph\MI_K33Legs007_normal.jpeg">
      <Filter>Archivos de origen\model\xenomorph</Filter>
    </Image>
    <Image Include="model\xenomorph\MI_K33Legs007_normal.jpg">
      <Filter>Archivos de origen\model\xenomorph</Filter>
    </Image>
    <Image Include="model\xenomorph\MI_K33Tail007_baseColor.png">
      <Filter>Archivos de origen\model\xenomorph</Filter>
    </Image>
    <Image Include="model\xenomorph\MI_K33Tail007_normal.jpeg">
      <Filter>Archivos de origen\model\xenomorph</Filter>
    </Image>
    <Image Include="model\xenomorph\MI_K33Tail007_normal.jpg">
      <Filter>Archivos de origen\model\xenomorph</Filter>
    </Image>
  </ItemGroup>
  <ItemGroup>
    <Text Include="textures\notas.txt.txt">
      <Filter>Archivos de origen\textures</Filter>
    </Text>
    <Text Include="D:\Descargas U\maze.txt" />
  </ItemGroup>
</Project>